
Microsoft Visual Studio Solution File, Format Version 11.00
# Visual Studio 2010
Project("{FAE04EC0-301F-11D3-BF4B-00C04F79EFBC}") = "Assembly-CSharp", "Assembly-CSharp.csproj", "{DCDC1E57-3A26-260D-6957-0C5F2B110A8B}"
EndProject
Project("{FAE04EC0-301F-11D3-BF4B-00C04F79EFBC}") = "Assembly-CSharp-Editor-firstpass", "Assembly-CSharp-Editor-firstpass.csproj", "{FC2C2F6A-BADD-2237-C0D4-96624CBE4DA1}"
EndProject
Global
	GlobalSection(SolutionConfigurationPlatforms) = preSolution
		Debug|Any CPU = Debug|Any CPU
		Release|Any CPU = Release|Any CPU
	EndGlobalSection
	GlobalSection(ProjectConfigurationPlatforms) = postSolution
		{DCDC1E57-3A26-260D-6957-0C5F2B110A8B}.Debug|Any CPU.ActiveCfg = Debug|Any CPU
		{DCDC1E57-3A26-260D-6957-0C5F2B110A8B}.Debug|Any CPU.Build.0 = Debug|Any CPU
		{DCDC1E57-3A26-260D-6957-0C5F2B110A8B}.Release|Any CPU.ActiveCfg = Release|Any CPU
		{DCDC1E57-3A26-260D-6957-0C5F2B110A8B}.Release|Any CPU.Build.0 = Release|Any CPU
		{FC2C2F6A-BADD-2237-C0D4-96624CBE4DA1}.Debug|Any CPU.ActiveCfg = Debug|Any CPU
		{FC2C2F6A-BADD-2237-C0D4-96624CBE4DA1}.Debug|Any CPU.Build.0 = Debug|Any CPU
		{FC2C2F6A-BADD-2237-C0D4-96624CBE4DA1}.Release|Any CPU.ActiveCfg = Release|Any CPU
		{FC2C2F6A-BADD-2237-C0D4-96624CBE4DA1}.Release|Any CPU.Build.0 = Release|Any CPU
	EndGlobalSection
	GlobalSection(SolutionProperties) = preSolution
		HideSolutionNode = FALSE
	EndGlobalSection
EndGlobal
